
Microsoft Visual Studio Solution File, Format Version 12.00
# Visual Studio Version 17
VisualStudioVersion = 17.0.31903.59
MinimumVisualStudioVersion = 10.0.40219.1
Project("{FAE04EC0-301F-11D3-BF4B-00C04F79EFBC}") = "WinTabAgent", "WinTabAgent\WinTabAgent.csproj", "{A1B2C3D4-E5F6-7890-ABCD-EF1234567890}"
EndProject
Project("{FAE04EC0-301F-11D3-BF4B-00C04F79EFBC}") = "WinTabAgent.Plugins.Abstractions", "WinTabAgent.Plugins.Abstractions\WinTabAgent.Plugins.Abstractions.csproj", "{B2C3D4E5-F678-9012-BCDE-F12345678901}"
EndProject
Project("{FAE04EC0-301F-11D3-BF4B-00C04F79EFBC}") = "WinTabAgent.Plugins.WindowControl", "WinTabAgent.Plugins.WindowControl\WinTabAgent.Plugins.WindowControl.csproj", "{C3D4E5F6-7890-1234-CDEF-123456789012}"
EndProject
Project("{FAE04EC0-301F-11D3-BF4B-00C04F79EFBC}") = "WinTabAgent.Tests", "WinTabAgent.Tests\WinTabAgent.Tests.csproj", "{D4E5F678-9012-3456-DEF1-234567890123}"
EndProject
Project("{FAE04EC0-301F-11D3-BF4B-00C04F79EFBC}") = "WinTabAgent.Plugins.BrowserDebug", "WinTabAgent.Plugins.BrowserDebug\WinTabAgent.Plugins.BrowserDebug.csproj", "{E5F67890-1234-5678-EF12-345678901234}"
EndProject
Project("{FAE04EC0-301F-11D3-BF4B-00C04F79EFBC}") = "WinTabAgent.Plugins.Windsurf", "WinTabAgent.Plugins.Windsurf\WinTabAgent.Plugins.Windsurf.csproj", "{F6789012-3456-7890-F123-456789012345}"
EndProject
Project("{FAE04EC0-301F-11D3-BF4B-00C04F79EFBC}") = "WinTabAgent.Plugins.Shell", "WinTabAgent.Plugins.Shell\WinTabAgent.Plugins.Shell.csproj", "{07890123-4567-8901-0123-567890123456}"
EndProject
Project("{FAE04EC0-301F-11D3-BF4B-00C04F79EFBC}") = "WinTabAgent.Plugins.Workflow", "WinTabAgent.Plugins.Workflow\WinTabAgent.Plugins.Workflow.csproj", "{A27F7D54-055C-4E67-9CD4-B6AE09B22350}"
EndProject
Global
	GlobalSection(SolutionConfigurationPlatforms) = preSolution
		Debug|Any CPU = Debug|Any CPU
		Debug|x64 = Debug|x64
		Debug|x86 = Debug|x86
		Release|Any CPU = Release|Any CPU
		Release|x64 = Release|x64
		Release|x86 = Release|x86
	EndGlobalSection
	GlobalSection(ProjectConfigurationPlatforms) = postSolution
		{A1B2C3D4-E5F6-7890-ABCD-EF1234567890}.Debug|Any CPU.ActiveCfg = Debug|Any CPU
		{A1B2C3D4-E5F6-7890-ABCD-EF1234567890}.Debug|Any CPU.Build.0 = Debug|Any CPU
		{A1B2C3D4-E5F6-7890-ABCD-EF1234567890}.Debug|x64.ActiveCfg = Debug|Any CPU
		{A1B2C3D4-E5F6-7890-ABCD-EF1234567890}.Debug|x64.Build.0 = Debug|Any CPU
		{A1B2C3D4-E5F6-7890-ABCD-EF1234567890}.Debug|x86.ActiveCfg = Debug|Any CPU
		{A1B2C3D4-E5F6-7890-ABCD-EF1234567890}.Debug|x86.Build.0 = Debug|Any CPU
		{A1B2C3D4-E5F6-7890-ABCD-EF1234567890}.Release|Any CPU.ActiveCfg = Release|Any CPU
		{A1B2C3D4-E5F6-7890-ABCD-EF1234567890}.Release|Any CPU.Build.0 = Release|Any CPU
		{A1B2C3D4-E5F6-7890-ABCD-EF1234567890}.Release|x64.ActiveCfg = Release|Any CPU
		{A1B2C3D4-E5F6-7890-ABCD-EF1234567890}.Release|x64.Build.0 = Release|Any CPU
		{A1B2C3D4-E5F6-7890-ABCD-EF1234567890}.Release|x86.ActiveCfg = Release|Any CPU
		{A1B2C3D4-E5F6-7890-ABCD-EF1234567890}.Release|x86.Build.0 = Release|Any CPU
		{B2C3D4E5-F678-9012-BCDE-F12345678901}.Debug|Any CPU.ActiveCfg = Debug|Any CPU
		{B2C3D4E5-F678-9012-BCDE-F12345678901}.Debug|Any CPU.Build.0 = Debug|Any CPU
		{B2C3D4E5-F678-9012-BCDE-F12345678901}.Debug|x64.ActiveCfg = Debug|Any CPU
		{B2C3D4E5-F678-9012-BCDE-F12345678901}.Debug|x64.Build.0 = Debug|Any CPU
		{B2C3D4E5-F678-9012-BCDE-F12345678901}.Debug|x86.ActiveCfg = Debug|Any CPU
		{B2C3D4E5-F678-9012-BCDE-F12345678901}.Debug|x86.Build.0 = Debug|Any CPU
		{B2C3D4E5-F678-9012-BCDE-F12345678901}.Release|Any CPU.ActiveCfg = Release|Any CPU
		{B2C3D4E5-F678-9012-BCDE-F12345678901}.Release|Any CPU.Build.0 = Release|Any CPU
		{B2C3D4E5-F678-9012-BCDE-F12345678901}.Release|x64.ActiveCfg = Release|Any CPU
		{B2C3D4E5-F678-9012-BCDE-F12345678901}.Release|x64.Build.0 = Release|Any CPU
		{B2C3D4E5-F678-9012-BCDE-F12345678901}.Release|x86.ActiveCfg = Release|Any CPU
		{B2C3D4E5-F678-9012-BCDE-F12345678901}.Release|x86.Build.0 = Release|Any CPU
		{C3D4E5F6-7890-1234-CDEF-123456789012}.Debug|Any CPU.ActiveCfg = Debug|Any CPU
		{C3D4E5F6-7890-1234-CDEF-123456789012}.Debug|Any CPU.Build.0 = Debug|Any CPU
		{C3D4E5F6-7890-1234-CDEF-123456789012}.Debug|x64.ActiveCfg = Debug|Any CPU
		{C3D4E5F6-7890-1234-CDEF-123456789012}.Debug|x64.Build.0 = Debug|Any CPU
		{C3D4E5F6-7890-1234-CDEF-123456789012}.Debug|x86.ActiveCfg = Debug|Any CPU
		{C3D4E5F6-7890-1234-CDEF-123456789012}.Debug|x86.Build.0 = Debug|Any CPU
		{C3D4E5F6-7890-1234-CDEF-123456789012}.Release|Any CPU.ActiveCfg = Release|Any CPU
		{C3D4E5F6-7890-1234-CDEF-123456789012}.Release|Any CPU.Build.0 = Release|Any CPU
		{C3D4E5F6-7890-1234-CDEF-123456789012}.Release|x64.ActiveCfg = Release|Any CPU
		{C3D4E5F6-7890-1234-CDEF-123456789012}.Release|x64.Build.0 = Release|Any CPU
		{C3D4E5F6-7890-1234-CDEF-123456789012}.Release|x86.ActiveCfg = Release|Any CPU
		{C3D4E5F6-7890-1234-CDEF-123456789012}.Release|x86.Build.0 = Release|Any CPU
		{D4E5F678-9012-3456-DEF1-234567890123}.Debug|Any CPU.ActiveCfg = Debug|Any CPU
		{D4E5F678-9012-3456-DEF1-234567890123}.Debug|Any CPU.Build.0 = Debug|Any CPU
		{D4E5F678-9012-3456-DEF1-234567890123}.Debug|x64.ActiveCfg = Debug|Any CPU
		{D4E5F678-9012-3456-DEF1-234567890123}.Debug|x64.Build.0 = Debug|Any CPU
		{D4E5F678-9012-3456-DEF1-234567890123}.Debug|x86.ActiveCfg = Debug|Any CPU
		{D4E5F678-9012-3456-DEF1-234567890123}.Debug|x86.Build.0 = Debug|Any CPU
		{D4E5F678-9012-3456-DEF1-234567890123}.Release|Any CPU.ActiveCfg = Release|Any CPU
		{D4E5F678-9012-3456-DEF1-234567890123}.Release|Any CPU.Build.0 = Release|Any CPU
		{D4E5F678-9012-3456-DEF1-234567890123}.Release|x64.ActiveCfg = Release|Any CPU
		{D4E5F678-9012-3456-DEF1-234567890123}.Release|x64.Build.0 = Release|Any CPU
		{D4E5F678-9012-3456-DEF1-234567890123}.Release|x86.ActiveCfg = Release|Any CPU
		{D4E5F678-9012-3456-DEF1-234567890123}.Release|x86.Build.0 = Release|Any CPU
		{E5F67890-1234-5678-EF12-345678901234}.Debug|x64.ActiveCfg = Debug|Any CPU
		{E5F67890-1234-5678-EF12-345678901234}.Debug|x64.Build.0 = Debug|Any CPU
		{E5F67890-1234-5678-EF12-345678901234}.Debug|x86.ActiveCfg = Debug|Any CPU
		{E5F67890-1234-5678-EF12-345678901234}.Debug|x86.Build.0 = Debug|Any CPU
		{E5F67890-1234-5678-EF12-345678901234}.Release|x64.ActiveCfg = Release|Any CPU
		{E5F67890-1234-5678-EF12-345678901234}.Release|x64.Build.0 = Release|Any CPU
		{E5F67890-1234-5678-EF12-345678901234}.Release|x86.ActiveCfg = Release|Any CPU
		{E5F67890-1234-5678-EF12-345678901234}.Release|x86.Build.0 = Release|Any CPU
		{F6789012-3456-7890-F123-456789012345}.Debug|x64.ActiveCfg = Debug|Any CPU
		{F6789012-3456-7890-F123-456789012345}.Debug|x64.Build.0 = Debug|Any CPU
		{F6789012-3456-7890-F123-456789012345}.Debug|x86.ActiveCfg = Debug|Any CPU
		{F6789012-3456-7890-F123-456789012345}.Debug|x86.Build.0 = Debug|Any CPU
		{F6789012-3456-7890-F123-456789012345}.Release|x64.ActiveCfg = Release|Any CPU
		{F6789012-3456-7890-F123-456789012345}.Release|x64.Build.0 = Release|Any CPU
		{F6789012-3456-7890-F123-456789012345}.Release|x86.ActiveCfg = Release|Any CPU
		{F6789012-3456-7890-F123-456789012345}.Release|x86.Build.0 = Release|Any CPU
		{07890123-4567-8901-0123-567890123456}.Debug|x64.ActiveCfg = Debug|Any CPU
		{07890123-4567-8901-0123-567890123456}.Debug|x64.Build.0 = Debug|Any CPU
		{07890123-4567-8901-0123-567890123456}.Debug|x86.ActiveCfg = Debug|Any CPU
		{07890123-4567-8901-0123-567890123456}.Debug|x86.Build.0 = Debug|Any CPU
		{07890123-4567-8901-0123-567890123456}.Release|x64.ActiveCfg = Release|Any CPU
		{07890123-4567-8901-0123-567890123456}.Release|x64.Build.0 = Release|Any CPU
		{07890123-4567-8901-0123-567890123456}.Release|x86.ActiveCfg = Release|Any CPU
		{07890123-4567-8901-0123-567890123456}.Release|x86.Build.0 = Release|Any CPU
		{A27F7D54-055C-4E67-9CD4-B6AE09B22350}.Debug|Any CPU.ActiveCfg = Debug|Any CPU
		{A27F7D54-055C-4E67-9CD4-B6AE09B22350}.Debug|Any CPU.Build.0 = Debug|Any CPU
		{A27F7D54-055C-4E67-9CD4-B6AE09B22350}.Debug|x64.ActiveCfg = Debug|Any CPU
		{A27F7D54-055C-4E67-9CD4-B6AE09B22350}.Debug|x64.Build.0 = Debug|Any CPU
		{A27F7D54-055C-4E67-9CD4-B6AE09B22350}.Debug|x86.ActiveCfg = Debug|Any CPU
		{A27F7D54-055C-4E67-9CD4-B6AE09B22350}.Debug|x86.Build.0 = Debug|Any CPU
		{A27F7D54-055C-4E67-9CD4-B6AE09B22350}.Release|Any CPU.ActiveCfg = Release|Any CPU
		{A27F7D54-055C-4E67-9CD4-B6AE09B22350}.Release|Any CPU.Build.0 = Release|Any CPU
		{A27F7D54-055C-4E67-9CD4-B6AE09B22350}.Release|x64.ActiveCfg = Release|Any CPU
		{A27F7D54-055C-4E67-9CD4-B6AE09B22350}.Release|x64.Build.0 = Release|Any CPU
		{A27F7D54-055C-4E67-9CD4-B6AE09B22350}.Release|x86.ActiveCfg = Release|Any CPU
		{A27F7D54-055C-4E67-9CD4-B6AE09B22350}.Release|x86.Build.0 = Release|Any CPU
	EndGlobalSection
	GlobalSection(SolutionProperties) = preSolution
		HideSolutionNode = FALSE
	EndGlobalSection
EndGlobal
